
Microsoft Visual Studio Solution File, Format Version 12.00
# Visual Studio 14
VisualStudioVersion = 14.0.23107.0
MinimumVisualStudioVersion = 10.0.40219.1
Project("{FAE04EC0-301F-11D3-BF4B-00C04F79EFBC}") = "CursoDeAngularJsDevMedia", "CursoDeAngularJsDevMedia\CursoDeAngularJsDevMedia.csproj", "{DDCF2D6D-62E8-49BF-B2B6-BC20CAB447F2}"
EndProject
Project("{FAE04EC0-301F-11D3-BF4B-00C04F79EFBC}") = "ProjetoPratico", "ProjetoPratico\ProjetoPratico.csproj", "{11678CCC-E4BD-4535-8EA9-A43D172B20DE}"
EndProject
Global
	GlobalSection(SolutionConfigurationPlatforms) = preSolution
		Debug|Any CPU = Debug|Any CPU
		Release|Any CPU = Release|Any CPU
	EndGlobalSection
	GlobalSection(ProjectConfigurationPlatforms) = postSolution
		{DDCF2D6D-62E8-49BF-B2B6-BC20CAB447F2}.Debug|Any CPU.ActiveCfg = Debug|Any CPU
		{DDCF2D6D-62E8-49BF-B2B6-BC20CAB447F2}.Debug|Any CPU.Build.0 = Debug|Any CPU
		{DDCF2D6D-62E8-49BF-B2B6-BC20CAB447F2}.Release|Any CPU.ActiveCfg = Release|Any CPU
		{DDCF2D6D-62E8-49BF-B2B6-BC20CAB447F2}.Release|Any CPU.Build.0 = Release|Any CPU
		{11678CCC-E4BD-4535-8EA9-A43D172B20DE}.Debug|Any CPU.ActiveCfg = Debug|Any CPU
		{11678CCC-E4BD-4535-8EA9-A43D172B20DE}.Debug|Any CPU.Build.0 = Debug|Any CPU
		{11678CCC-E4BD-4535-8EA9-A43D172B20DE}.Release|Any CPU.ActiveCfg = Release|Any CPU
		{11678CCC-E4BD-4535-8EA9-A43D172B20DE}.Release|Any CPU.Build.0 = Release|Any CPU
	EndGlobalSection
	GlobalSection(SolutionProperties) = preSolution
		HideSolutionNode = FALSE
	EndGlobalSection
EndGlobal
